PODS:
  - MagicalRecord (2.3.2):
    - MagicalRecord/Core (= 2.3.2)
  - MagicalRecord/Core (2.3.2)
  - SwipeCellKit (2.6.0)

DEPENDENCIES:
  - MagicalRecord
  - SwipeCellKit

SPEC REPOS:
  https://github.com/cocoapods/specs.git:
    - MagicalRecord
    - SwipeCellKit

SPEC CHECKSUMS:
  MagicalRecord: 53bed74b4323b930992a725be713e53b37d19755
  SwipeCellKit: 935ca28c187ec6e1ffb2b578cf8ddca842bfdcbb

PODFILE CHECKSUM: e012998d48e170afce77e6507d3125e5298c272c

COCOAPODS: 1.6.1
